{
    "requires": true,
    "lockfileVersion": 1,
    "dependencies": {
        "@assemblyscript/loader": {
            "version": "0.19.12",
            "resolved": "https://registry.npmjs.org/@assemblyscript/loader/-/loader-0.19.12.tgz",
            "integrity": "sha512-BE0EbkTu7LCMALxO4Qi2spnKjZp2v1BjaBu57S2hMr+TpDqSX1R1TkG79JHM2xWzvJpBlnROT6B7pnb/q8kTfQ=="
        },
        "array-index": {
            "version": "1.0.0",
            "resolved": "https://registry.npmjs.org/array-index/-/array-index-1.0.0.tgz",
            "integrity": "sha1-7FanSe4QPk4Ix5C5w1PfFgVbl/k=",
            "requires": {
                "debug": "^2.2.0",
                "es6-symbol": "^3.0.2"
            },
            "dependencies": {
                "debug": {
                    "version": "2.6.9",
                    "resolved": "https://registry.npmjs.org/debug/-/debug-2.6.9.tgz",
                    "integrity": "sha512-bC7ElrdJaJnPbAP+1EotYvqZsb3ecl5wi6Bfi6BJTUcNowp6cvspg0jXznRTKDjm/E7AdgFBVeAPVMNcKGsHMA==",
                    "requires": {
                        "ms": "2.0.0"
                    }
                },
                "ms": {
                    "version": "2.0.0",
                    "resolved": "https://registry.npmjs.org/ms/-/ms-2.0.0.tgz",
                    "integrity": "sha1-VgiurfwAvmwpAd9fmGF4jeDVl8g="
                }
            }
        },
        "assemblyscript": {
            "version": "0.19.12",
            "resolved": "https://registry.npmjs.org/assemblyscript/-/assemblyscript-0.19.12.tgz",
            "integrity": "sha512-8cZFAoW0g2fF5IUAe/2DgA1agU/vt0qA23gtJKRsiLRv/MFqjSeisiJkKPQDst2S4+jHUCkPlayRl8MiIdpVBw==",
            "dev": true,
            "requires": {
                "binaryen": "101.0.0-nightly.20210904",
                "long": "^4.0.0"
            }
        },
        "binaryen": {
            "version": "101.0.0-nightly.20210904",
            "resolved": "https://registry.npmjs.org/binaryen/-/binaryen-101.0.0-nightly.20210904.tgz",
            "integrity": "sha512-2AvJhErttuoMvgNcYPPpPy7C12PSvDdtZWtEeX/Otm/Vtf4ePvBpT3UIA00hGAh8HNaGr+dzFNstxTUvjNwZTg==",
            "dev": true
        },
        "bindings": {
            "version": "1.2.1",
            "resolved": "https://registry.npmjs.org/bindings/-/bindings-1.2.1.tgz",
            "integrity": "sha1-FK1hE4EtLTfXLme0ystLtyZQXxE="
        },
        "d": {
            "version": "1.0.1",
            "resolved": "https://registry.npmjs.org/d/-/d-1.0.1.tgz",
            "integrity": "sha512-m62ShEObQ39CfralilEQRjH6oAMtNCV1xJyEx5LpRYUVN+EviphDgUc/F3hnYbADmkiNs67Y+3ylmlG7Lnu+FA==",
            "requires": {
                "es5-ext": "^0.10.50",
                "type": "^1.0.1"
            }
        },
        "es5-ext": {
            "version": "0.10.53",
            "resolved": "https://registry.npmjs.org/es5-ext/-/es5-ext-0.10.53.tgz",
            "integrity": "sha512-Xs2Stw6NiNHWypzRTY1MtaG/uJlwCk8kH81920ma8mvN8Xq1gsfhZvpkImLQArw8AHnv8MT2I45J3c0R8slE+Q==",
            "requires": {
                "es6-iterator": "~2.0.3",
                "es6-symbol": "~3.1.3",
                "next-tick": "~1.0.0"
            }
        },
        "es6-iterator": {
            "version": "2.0.3",
            "resolved": "https://registry.npmjs.org/es6-iterator/-/es6-iterator-2.0.3.tgz",
            "integrity": "sha1-p96IkUGgWpSwhUQDstCg+/qY87c=",
            "requires": {
                "d": "1",
                "es5-ext": "^0.10.35",
                "es6-symbol": "^3.1.1"
            }
        },
        "es6-symbol": {
            "version": "3.1.3",
            "resolved": "https://registry.npmjs.org/es6-symbol/-/es6-symbol-3.1.3.tgz",
            "integrity": "sha512-NJ6Yn3FuDinBaBRWl/q5X/s4koRHBrgKAu+yGI6JCBeiu3qrcbJhwT2GeR/EXVfylRk8dpQVJoLEFhK+Mu31NA==",
            "requires": {
                "d": "^1.0.1",
                "ext": "^1.1.2"
            }
        },
        "ext": {
            "version": "1.5.0",
            "resolved": "https://registry.npmjs.org/ext/-/ext-1.5.0.tgz",
            "integrity": "sha512-+ONcYoWj/SoQwUofMr94aGu05Ou4FepKi7N7b+O8T4jVfyIsZQV1/xeS8jpaBzF0csAk0KLXoHCxU7cKYZjo1Q==",
            "requires": {
                "type": "^2.5.0"
            },
            "dependencies": {
                "type": {
                    "version": "2.5.0",
                    "resolved": "https://registry.npmjs.org/type/-/type-2.5.0.tgz",
                    "integrity": "sha512-180WMDQaIMm3+7hGXWf12GtdniDEy7nYcyFMKJn/eZz/6tSLXrUN9V0wKSbMjej0I1WHWbpREDEKHtqPQa9NNw=="
                }
            }
        },
        "ffi": {
            "version": "2.3.0",
            "resolved": "https://registry.npmjs.org/ffi/-/ffi-2.3.0.tgz",
            "integrity": "sha512-vkPA9Hf9CVuQ5HeMZykYvrZF2QNJ/iKGLkyDkisBnoOOFeFXZQhUPxBARPBIZMJVulvBI2R+jgofW03gyPpJcQ==",
            "requires": {
                "bindings": "~1.2.0",
                "debug": "2",
                "nan": "2",
                "ref": "1",
                "ref-struct": "1"
            },
            "dependencies": {
                "debug": {
                    "version": "2.6.9",
                    "resolved": "https://registry.npmjs.org/debug/-/debug-2.6.9.tgz",
                    "integrity": "sha512-bC7ElrdJaJnPbAP+1EotYvqZsb3ecl5wi6Bfi6BJTUcNowp6cvspg0jXznRTKDjm/E7AdgFBVeAPVMNcKGsHMA==",
                    "requires": {
                        "ms": "2.0.0"
                    }
                },
                "ms": {
                    "version": "2.0.0",
                    "resolved": "https://registry.npmjs.org/ms/-/ms-2.0.0.tgz",
                    "integrity": "sha1-VgiurfwAvmwpAd9fmGF4jeDVl8g="
                }
            }
        },
        "long": {
            "version": "4.0.0",
            "resolved": "https://registry.npmjs.org/long/-/long-4.0.0.tgz",
            "integrity": "sha512-XsP+KhQif4bjX1kbuSiySJFNAehNxgLb6hPRGJ9QsUr8ajHkuXGdrHmFUTUUXhDwVX2R5bY4JNZEwbUiMhV+MA==",
            "dev": true
        },
        "nan": {
            "version": "2.15.0",
            "resolved": "https://registry.npmjs.org/nan/-/nan-2.15.0.tgz",
            "integrity": "sha512-8ZtvEnA2c5aYCZYd1cvgdnU6cqwixRoYg70xPLWUws5ORTa/lnw+u4amixRS/Ac5U5mQVgp9pnlSUnbNWFaWZQ=="
        },
        "next-tick": {
            "version": "1.0.0",
            "resolved": "https://registry.npmjs.org/next-tick/-/next-tick-1.0.0.tgz",
            "integrity": "sha1-yobR/ogoFpsBICCOPchCS524NCw="
        },
        "node-sdl2": {
            "version": "2.1.2",
            "resolved": "https://registry.npmjs.org/node-sdl2/-/node-sdl2-2.1.2.tgz",
            "integrity": "sha1-TqJ4SXYs/UlzPdErERxy+IblD1U=",
            "requires": {
                "ffi": "^2.0.0",
                "ref": "^1.3.2",
                "ref-array": "^1.1.2",
                "ref-struct": "^1.0.2",
                "ref-union": "^1.0.1",
                "sdl2-gfx": "^2.0.2",
                "sdl2-image": "^2.0.3",
                "sdl2-ttf": "^2.0.3"
            }
        },
        "ref": {
            "version": "1.3.5",
            "resolved": "https://registry.npmjs.org/ref/-/ref-1.3.5.tgz",
            "integrity": "sha512-2cBCniTtxcGUjDpvFfVpw323a83/0RLSGJJY5l5lcomZWhYpU2cuLdsvYqMixvsdLJ9+sTdzEkju8J8ZHDM2nA==",
            "requires": {
                "bindings": "1",
                "debug": "2",
                "nan": "2"
            },
            "dependencies": {
                "debug": {
                    "version": "2.6.9",
                    "resolved": "https://registry.npmjs.org/debug/-/debug-2.6.9.tgz",
                    "integrity": "sha512-bC7ElrdJaJnPbAP+1EotYvqZsb3ecl5wi6Bfi6BJTUcNowp6cvspg0jXznRTKDjm/E7AdgFBVeAPVMNcKGsHMA==",
                    "requires": {
                        "ms": "2.0.0"
                    }
                },
                "ms": {
                    "version": "2.0.0",
                    "resolved": "https://registry.npmjs.org/ms/-/ms-2.0.0.tgz",
                    "integrity": "sha1-VgiurfwAvmwpAd9fmGF4jeDVl8g="
                }
            }
        },
        "ref-array": {
            "version": "1.2.0",
            "resolved": "https://registry.npmjs.org/ref-array/-/ref-array-1.2.0.tgz",
            "integrity": "sha1-u6hwFS1O4KvtFCGwYjkvCwGEKQw=",
            "requires": {
                "array-index": "1",
                "debug": "2",
                "ref": "1"
            },
            "dependencies": {
                "debug": {
                    "version": "2.6.9",
                    "resolved": "https://registry.npmjs.org/debug/-/debug-2.6.9.tgz",
                    "integrity": "sha512-bC7ElrdJaJnPbAP+1EotYvqZsb3ecl5wi6Bfi6BJTUcNowp6cvspg0jXznRTKDjm/E7AdgFBVeAPVMNcKGsHMA==",
                    "requires": {
                        "ms": "2.0.0"
                    }
                },
                "ms": {
                    "version": "2.0.0",
                    "resolved": "https://registry.npmjs.org/ms/-/ms-2.0.0.tgz",
                    "integrity": "sha1-VgiurfwAvmwpAd9fmGF4jeDVl8g="
                }
            }
        },
        "ref-struct": {
            "version": "1.1.0",
            "resolved": "https://registry.npmjs.org/ref-struct/-/ref-struct-1.1.0.tgz",
            "integrity": "sha1-XV7mWtQc78Olxf60BYcmHkee3BM=",
            "requires": {
                "debug": "2",
                "ref": "1"
            },
            "dependencies": {
                "debug": {
                    "version": "2.6.9",
                    "resolved": "https://registry.npmjs.org/debug/-/debug-2.6.9.tgz",
                    "integrity": "sha512-bC7ElrdJaJnPbAP+1EotYvqZsb3ecl5wi6Bfi6BJTUcNowp6cvspg0jXznRTKDjm/E7AdgFBVeAPVMNcKGsHMA==",
                    "requires": {
                        "ms": "2.0.0"
                    }
                },
                "ms": {
                    "version": "2.0.0",
                    "resolved": "https://registry.npmjs.org/ms/-/ms-2.0.0.tgz",
                    "integrity": "sha1-VgiurfwAvmwpAd9fmGF4jeDVl8g="
                }
            }
        },
        "ref-union": {
            "version": "1.0.1",
            "resolved": "https://registry.npmjs.org/ref-union/-/ref-union-1.0.1.tgz",
            "integrity": "sha1-OiOX+GLx51Fx1ocmj0Oz8Xcp8SA=",
            "requires": {
                "debug": "2",
                "ref": "1"
            },
            "dependencies": {
                "debug": {
                    "version": "2.6.9",
                    "resolved": "https://registry.npmjs.org/debug/-/debug-2.6.9.tgz",
                    "integrity": "sha512-bC7ElrdJaJnPbAP+1EotYvqZsb3ecl5wi6Bfi6BJTUcNowp6cvspg0jXznRTKDjm/E7AdgFBVeAPVMNcKGsHMA==",
                    "requires": {
                        "ms": "2.0.0"
                    }
                },
                "ms": {
                    "version": "2.0.0",
                    "resolved": "https://registry.npmjs.org/ms/-/ms-2.0.0.tgz",
                    "integrity": "sha1-VgiurfwAvmwpAd9fmGF4jeDVl8g="
                }
            }
        },
        "sdl2-gfx": {
            "version": "2.0.2",
            "resolved": "https://registry.npmjs.org/sdl2-gfx/-/sdl2-gfx-2.0.2.tgz",
            "integrity": "sha1-/RERv7pl88SvSiXq3uNWgvQl6U4=",
            "requires": {
                "ffi": "^2.0.0",
                "ref-array": "^1.1.2",
                "ref-union": "^1.0.1"
            }
        },
        "sdl2-image": {
            "version": "2.0.3",
            "resolved": "https://registry.npmjs.org/sdl2-image/-/sdl2-image-2.0.3.tgz",
            "integrity": "sha1-lM4G1vfHbAlP/Q9jXXS6T1PvAqk=",
            "requires": {
                "ffi": "^2.0.0",
                "ref-array": "^1.1.2",
                "ref-union": "^1.0.1"
            }
        },
        "sdl2-ttf": {
            "version": "2.0.4",
            "resolved": "https://registry.npmjs.org/sdl2-ttf/-/sdl2-ttf-2.0.4.tgz",
            "integrity": "sha1-NWLcQHLjh0YP3Z/qBWIWfg5aXAo=",
            "requires": {
                "ffi": "^2.0.0",
                "ref-array": "^1.1.2",
                "ref-union": "^1.0.1"
            }
        },
        "type": {
            "version": "1.2.0",
            "resolved": "https://registry.npmjs.org/type/-/type-1.2.0.tgz",
            "integrity": "sha512-+5nt5AAniqsCnu2cEQQdpzCAh33kVx8n0VoFidKpB1dVVLAN/F+bgVOqOJqOnEnrhp222clB5p3vUlD+1QAnfg=="
        }
    }
}
